// !$*UTF8*$!
{
	archiveVersion = 1;
	classes = {
	};
	objectVersion = 56;
	objects = {

/* Begin PBXBuildFile section */
		2C9007DD2B82039700F59BBB /* SPSApp.swift in Sources */ = {isa = PBXBuildFile; fileRef = 2C9007DC2B82039700F59BBB /* SPSApp.swift */; };
		2C9007DF2B82039700F59BBB /* ContentView.swift in Sources */ = {isa = PBXBuildFile; fileRef = 2C9007DE2B82039700F59BBB /* ContentView.swift */; };
		2C9007E12B82039800F59BBB /* Assets.xcassets in Resources */ = {isa = PBXBuildFile; fileRef = 2C9007E02B82039800F59BBB /* Assets.xcassets */; };
		2C9007E42B82039800F59BBB /* Preview Assets.xcassets in Resources */ = {isa = PBXBuildFile; fileRef = 2C9007E32B82039800F59BBB /* Preview Assets.xcassets */; };
		2C9007EE2B82039900F59BBB /* SPSTests.swift in Sources */ = {isa = PBXBuildFile; fileRef = 2C9007ED2B82039900F59BBB /* SPSTests.swift */; };
		2C9007F82B82039900F59BBB /* SPSUITests.swift in Sources */ = {isa = PBXBuildFile; fileRef = 2C9007F72B82039900F59BBB /* SPSUITests.swift */; };
		2C9007FA2B82039900F59BBB /* SPSUITestsLaunchTests.swift in Sources */ = {isa = PBXBuildFile; fileRef = 2C9007F92B82039900F59BBB /* SPSUITestsLaunchTests.swift */; };
/* End PBXBuildFile section */

/* Begin PBXContainerItemProxy section */
		2C9007EA2B82039900F59BBB /* PBXContainerItemProxy */ = {
			isa = PBXContainerItemProxy;
			containerPortal = 2C9007D12B82039700F59BBB /* Project object */;
			proxyType = 1;
			remoteGlobalIDString = 2C9007D82B82039700F59BBB;
			remoteInfo = SPS;
		};
		2C9007F42B82039900F59BBB /* PBXContainerItemProxy */ = {
			isa = PBXContainerItemProxy;
			containerPortal = 2C9007D12B82039700F59BBB /* Project object */;
			proxyType = 1;
			remoteGlobalIDString = 2C9007D82B82039700F59BBB;
			remoteInfo = SPS;
		};
/* End PBXContainerItemProxy section */

/* Begin PBXFileReference section */
		2C9007D92B82039700F59BBB /* SPS.app */ = {isa = PBXFileReference; explicitFileType = wrapper.application; includeInIndex = 0; path = SPS.app; sourceTree = BUILT_PRODUCTS_DIR; };
		2C9007DC2B82039700F59BBB /* SPSApp.swift */ = {isa = PBXFileReference; lastKnownFileType = sourcecode.swift; path = SPSApp.swift; sourceTree = "<group>"; };
		2C9007DE2B82039700F59BBB /* ContentView.swift */ = {isa = PBXFileReference; lastKnownFileType = sourcecode.swift; path = ContentView.swift; sourceTree = "<group>"; };
		2C9007E02B82039800F59BBB /* Assets.xcassets */ = {isa = PBXFileReference; lastKnownFileType = folder.assetcatalog; path = Assets.xcassets; sourceTree = "<group>"; };
		2C9007E32B82039800F59BBB /* Preview Assets.xcassets */ = {isa = PBXFileReference; lastKnownFileType = folder.assetcatalog; path = "Preview Assets.xcassets"; sourceTree = "<group>"; };
		2C9007E92B82039900F59BBB /* SPSTests.xctest */ = {isa = PBXFileReference; explicitFileType = wrapper.cfbundle; includeInIndex = 0; path = SPSTests.xctest; sourceTree = BUILT_PRODUCTS_DIR; };
		2C9007ED2B82039900F59BBB /* SPSTests.swift */ = {isa = PBXFileReference; lastKnownFileType = sourcecode.swift; path = SPSTests.swift; sourceTree = "<group>"; };
		2C9007F32B82039900F59BBB /* SPSUITests.xctest */ = {isa = PBXFileReference; explicitFileType = wrapper.cfbundle; includeInIndex = 0; path = SPSUITests.xctest; sourceTree = BUILT_PRODUCTS_DIR; };
		2C9007F72B82039900F59BBB /* SPSUITests.swift */ = {isa = PBXFileReference; lastKnownFileType = sourcecode.swift; path = SPSUITests.swift; sourceTree = "<group>"; };
		2C9007F92B82039900F59BBB /* SPSUITestsLaunchTests.swift */ = {isa = PBXFileReference; lastKnownFileType = sourcecode.swift; path = SPSUITestsLaunchTests.swift; sourceTree = "<group>"; };
/* End PBXFileReference section */

/* Begin PBXFrameworksBuildPhase section */
		2C9007D62B82039700F59BBB /* Frameworks */ = {
			isa = PBXFrameworksBuildPhase;
			buildActionMask = 2147483647;
			files = (
			);
			runOnlyForDeploymentPostprocessing = 0;
		};
		2C9007E62B82039900F59BBB /* Frameworks */ = {
			isa = PBXFrameworksBuildPhase;
			buildActionMask = 2147483647;
			files = (
			);
			runOnlyForDeploymentPostprocessing = 0;
		};
		2C9007F02B82039900F59BBB /* Frameworks */ = {
			isa = PBXFrameworksBuildPhase;
			buildActionMask = 2147483647;
			files = (
			);
			runOnlyForDeploymentPostprocessing = 0;
		};
/* End PBXFrameworksBuildPhase section */

/* Begin PBXGroup section */
		2C9007D02B82039700F59BBB = {
			isa = PBXGroup;
			children = (
				2C9007DB2B82039700F59BBB /* SPS */,
				2C9007EC2B82039900F59BBB /* SPSTests */,
				2C9007F62B82039900F59BBB /* SPSUITests */,
				2C9007DA2B82039700F59BBB /* Products */,
			);
			sourceTree = "<group>";
		};
		2C9007DA2B82039700F59BBB /* Products */ = {
			isa = PBXGroup;
			children = (
				2C9007D92B82039700F59BBB /* SPS.app */,
				2C9007E92B82039900F59BBB /* SPSTests.xctest */,
				2C9007F32B82039900F59BBB /* SPSUITests.xctest */,
			);
			name = Products;
			sourceTree = "<group>";
		};
		2C9007DB2B82039700F59BBB /* SPS */ = {
			isa = PBXGroup;
			children = (
				2C9007DC2B82039700F59BBB /* SPSApp.swift */,
				2C9007DE2B82039700F59BBB /* ContentView.swift */,
				2C9007E02B82039800F59BBB /* Assets.xcassets */,
				2C9007E22B82039800F59BBB /* Preview Content */,
			);
			path = SPS;
			sourceTree = "<group>";
		};
		2C9007E22B82039800F59BBB /* Preview Content */ = {
			isa = PBXGroup;
			children = (
				2C9007E32B82039800F59BBB /* Preview Assets.xcassets */,
			);
			path = "Preview Content";
			sourceTree = "<group>";
		};
		2C9007EC2B82039900F59BBB /* SPSTests */ = {
			isa = PBXGroup;
			children = (
				2C9007ED2B82039900F59BBB /* SPSTests.swift */,
			);
			path = SPSTests;
			sourceTree = "<group>";
		};
		2C9007F62B82039900F59BBB /* SPSUITests */ = {
			isa = PBXGroup;
			children = (
				2C9007F72B82039900F59BBB /* SPSUITests.swift */,
				2C9007F92B82039900F59BBB /* SPSUITestsLaunchTests.swift */,
			);
			path = SPSUITests;
			sourceTree = "<group>";
		};
/* End PBXGroup section */

/* Begin PBXNativeTarget section */
		2C9007D82B82039700F59BBB /* SPS */ = {
			isa = PBXNativeTarget;
			buildConfigurationList = 2C9007FD2B82039900F59BBB /* Build configuration list for PBXNativeTarget "SPS" */;
			buildPhases = (
				2C9007D52B82039700F59BBB /* Sources */,
				2C9007D62B82039700F59BBB /* Frameworks */,
				2C9007D72B82039700F59BBB /* Resources */,
			);
			buildRules = (
			);
			dependencies = (
			);
			name = SPS;
			productName = SPS;
			productReference = 2C9007D92B82039700F59BBB /* SPS.app */;
			productType = "com.apple.product-type.application";
		};
		2C9007E82B82039900F59BBB /* SPSTests */ = {
			isa = PBXNativeTarget;
			buildConfigurationList = 2C9008002B82039900F59BBB /* Build configuration list for PBXNativeTarget "SPSTests" */;
			buildPhases = (
				2C9007E52B82039900F59BBB /* Sources */,
				2C9007E62B82039900F59BBB /* Frameworks */,
				2C9007E72B82039900F59BBB /* Resources */,
			);
			buildRules = (
			);
			dependencies = (
				2C9007EB2B82039900F59BBB /* PBXTargetDependency */,
			);
			name = SPSTests;
			productName = SPSTests;
			productReference = 2C9007E92B82039900F59BBB /* SPSTests.xctest */;
			productType = "com.apple.product-type.bundle.unit-test";
		};
		2C9007F22B82039900F59BBB /* SPSUITests */ = {
			isa = PBXNativeTarget;
			buildConfigurationList = 2C9008032B82039900F59BBB /* Build configuration list for PBXNativeTarget "SPSUITests" */;
			buildPhases = (
				2C9007EF2B82039900F59BBB /* Sources */,
				2C9007F02B82039900F59BBB /* Frameworks */,
				2C9007F12B82039900F59BBB /* Resources */,
			);
			buildRules = (
			);
			dependencies = (
				2C9007F52B82039900F59BBB /* PBXTargetDependency */,
			);
			name = SPSUITests;
			productName = SPSUITests;
			productReference = 2C9007F32B82039900F59BBB /* SPSUITests.xctest */;
			productType = "com.apple.product-type.bundle.ui-testing";
		};
/* End PBXNativeTarget section */

/* Begin PBXProject section */
		2C9007D12B82039700F59BBB /* Project object */ = {
			isa = PBXProject;
			attributes = {
				BuildIndependentTargetsInParallel = 1;
				LastSwiftUpdateCheck = 1520;
				LastUpgradeCheck = 1520;
				TargetAttributes = {
					2C9007D82B82039700F59BBB = {
						CreatedOnToolsVersion = 15.2;
					};
					2C9007E82B82039900F59BBB = {
						CreatedOnToolsVersion = 15.2;
						TestTargetID = 2C9007D82B82039700F59BBB;
					};
					2C9007F22B82039900F59BBB = {
						CreatedOnToolsVersion = 15.2;
						TestTargetID = 2C9007D82B82039700F59BBB;
					};
				};
			};
			buildConfigurationList = 2C9007D42B82039700F59BBB /* Build configuration list for PBXProject "SPS" */;
			compatibilityVersion = "Xcode 14.0";
			developmentRegion = en;
			hasScannedForEncodings = 0;
			knownRegions = (
				en,
				Base,
			);
			mainGroup = 2C9007D02B82039700F59BBB;
			productRefGroup = 2C9007DA2B82039700F59BBB /* Products */;
			projectDirPath = "";
			projectRoot = "";
			targets = (
				2C9007D82B82039700F59BBB /* SPS */,
				2C9007E82B82039900F59BBB /* SPSTests */,
				2C9007F22B82039900F59BBB /* SPSUITests */,
			);
		};
/* End PBXProject section */

/* Begin PBXResourcesBuildPhase section */
		2C9007D72B82039700F59BBB /* Resources */ = {
			isa = PBXResourcesBuildPhase;
			buildActionMask = 2147483647;
			files = (
				2C9007E42B82039800F59BBB /* Preview Assets.xcassets in Resources */,
				2C9007E12B82039800F59BBB /* Assets.xcassets in Resources */,
			);
			runOnlyForDeploymentPostprocessing = 0;
		};
		2C9007E72B82039900F59BBB /* Resources */ = {
			isa = PBXResourcesBuildPhase;
			buildActionMask = 2147483647;
			files = (
			);
			runOnlyForDeploymentPostprocessing = 0;
		};
		2C9007F12B82039900F59BBB /* Resources */ = {
			isa = PBXResourcesBuildPhase;
			buildActionMask = 2147483647;
			files = (
			);
			runOnlyForDeploymentPostprocessing = 0;
		};
/* End PBXResourcesBuildPhase section */

/* Begin PBXSourcesBuildPhase section */
		2C9007D52B82039700F59BBB /* Sources */ = {
			isa = PBXSourcesBuildPhase;
			buildActionMask = 2147483647;
			files = (
				2C9007DF2B82039700F59BBB /* ContentView.swift in Sources */,
				2C9007DD2B82039700F59BBB /* SPSApp.swift in Sources */,
			);
			runOnlyForDeploymentPostprocessing = 0;
		};
		2C9007E52B82039900F59BBB /* Sources */ = {
			isa = PBXSourcesBuildPhase;
			buildActionMask = 2147483647;
			files = (
				2C9007EE2B82039900F59BBB /* SPSTests.swift in Sources */,
			);
			runOnlyForDeploymentPostprocessing = 0;
		};
		2C9007EF2B82039900F59BBB /* Sources */ = {
			isa = PBXSourcesBuildPhase;
			buildActionMask = 2147483647;
			files = (
				2C9007F82B82039900F59BBB /* SPSUITests.swift in Sources */,
				2C9007FA2B82039900F59BBB /* SPSUITestsLaunchTests.swift in Sources */,
			);
			runOnlyForDeploymentPostprocessing = 0;
		};
/* End PBXSourcesBuildPhase section */

/* Begin PBXTargetDependency section */
		2C9007EB2B82039900F59BBB /* PBXTargetDependency */ = {
			isa = PBXTargetDependency;
			target = 2C9007D82B82039700F59BBB /* SPS */;
			targetProxy = 2C9007EA2B82039900F59BBB /* PBXContainerItemProxy */;
		};
		2C9007F52B82039900F59BBB /* PBXTargetDependency */ = {
			isa = PBXTargetDependency;
			target = 2C9007D82B82039700F59BBB /* SPS */;
			targetProxy = 2C9007F42B82039900F59BBB /* PBXContainerItemProxy */;
		};
/* End PBXTargetDependency section */

/* Begin XCBuildConfiguration section */
		2C9007FB2B82039900F59BBB /* Debug */ = {
			isa = XCBuildConfiguration;
			buildSettings = {
				ALWAYS_SEARCH_USER_PATHS = NO;
				ASSETCATALOG_COMPILER_GENERATE_SWIFT_ASSET_SYMBOL_EXTENSIONS = YES;
				CLANG_ANALYZER_NONNULL = YES;
				CLANG_ANALYZER_NUMBER_OBJECT_CONVERSION = YES_AGGRESSIVE;
				CLANG_CXX_LANGUAGE_STANDARD = "gnu++20";
				CLANG_ENABLE_MODULES = YES;
				CLANG_ENABLE_OBJC_ARC = YES;
				CLANG_ENABLE_OBJC_WEAK = YES;
				CLANG_WARN_BLOCK_CAPTURE_AUTORELEASING = YES;
				CLANG_WARN_BOOL_CONVERSION = YES;
				CLANG_WARN_COMMA = YES;
				CLANG_WARN_CONSTANT_CONVERSION = YES;
				CLANG_WARN_DEPRECATED_OBJC_IMPLEMENTATIONS = YES;
				CLANG_WARN_DIRECT_OBJC_ISA_USAGE = YES_ERROR;
				CLANG_WARN_DOCUMENTATION_COMMENTS = YES;
				CLANG_WARN_EMPTY_BODY = YES;
				CLANG_WARN_ENUM_CONVERSION = YES;
				CLANG_WARN_INFINITE_RECURSION = YES;
				CLANG_WARN_INT_CONVERSION = YES;
				CLANG_WARN_NON_LITERAL_NULL_CONVERSION = YES;
				CLANG_WARN_OBJC_IMPLICIT_RETAIN_SELF = YES;
				CLANG_WARN_OBJC_LITERAL_CONVERSION = YES;
				CLANG_WARN_OBJC_ROOT_CLASS = YES_ERROR;
				CLANG_WARN_QUOTED_INCLUDE_IN_FRAMEWORK_HEADER = YES;
				CLANG_WARN_RANGE_LOOP_ANALYSIS = YES;
				CLANG_WARN_STRICT_PROTOTYPES = YES;
				CLANG_WARN_SUSPICIOUS_MOVE = YES;
				CLANG_WARN_UNGUARDED_AVAILABILITY = YES_AGGRESSIVE;
				CLANG_WARN_UNREACHABLE_CODE = YES;
				CLANG_WARN__DUPLICATE_METHOD_MATCH = YES;
				COPY_PHASE_STRIP = NO;
				DEBUG_INFORMATION_FORMAT = dwarf;
				ENABLE_STRICT_OBJC_MSGSEND = YES;
				ENABLE_TESTABILITY = YES;
				ENABLE_USER_SCRIPT_SANDBOXING = YES;
				GCC_C_LANGUAGE_STANDARD = gnu17;
				GCC_DYNAMIC_NO_PIC = NO;
				GCC_NO_COMMON_BLOCKS = YES;
				GCC_OPTIMIZATION_LEVEL = 0;
				GCC_PREPROCESSOR_DEFINITIONS = (
					"DEBUG=1",
					"$(inherited)",
				);
				GCC_WARN_64_TO_32_BIT_CONVERSION = YES;
				GCC_WARN_ABOUT_RETURN_TYPE = YES_ERROR;
				GCC_WARN_UNDECLARED_SELECTOR = YES;
				GCC_WARN_UNINITIALIZED_AUTOS = YES_AGGRESSIVE;
				GCC_WARN_UNUSED_FUNCTION = YES;
				GCC_WARN_UNUSED_VARIABLE = YES;
				IPHONEOS_DEPLOYMENT_TARGET = 17.2;
				LOCALIZATION_PREFERS_STRING_CATALOGS = YES;
				MTL_ENABLE_DEBUG_INFO = INCLUDE_SOURCE;
				MTL_FAST_MATH = YES;
				ONLY_ACTIVE_ARCH = YES;
				SDKROOT = iphoneos;
				SWIFT_ACTIVE_COMPILATION_CONDITIONS = "DEBUG $(inherited)";
				SWIFT_OPTIMIZATION_LEVEL = "-Onone";
			};
			name = Debug;
		};
		2C9007FC2B82039900F59BBB /* Release */ = {
			isa = XCBuildConfiguration;
			buildSettings = {
				ALWAYS_SEARCH_USER_PATHS = NO;
				ASSETCATALOG_COMPILER_GENERATE_SWIFT_ASSET_SYMBOL_EXTENSIONS = YES;
				CLANG_ANALYZER_NONNULL = YES;
				CLANG_ANALYZER_NUMBER_OBJECT_CONVERSION = YES_AGGRESSIVE;
				CLANG_CXX_LANGUAGE_STANDARD = "gnu++20";
				CLANG_ENABLE_MODULES = YES;
				CLANG_ENABLE_OBJC_ARC = YES;
				CLANG_ENABLE_OBJC_WEAK = YES;
				CLANG_WARN_BLOCK_CAPTURE_AUTORELEASING = YES;
				CLANG_WARN_BOOL_CONVERSION = YES;
				CLANG_WARN_COMMA = YES;
				CLANG_WARN_CONSTANT_CONVERSION = YES;
				CLANG_WARN_DEPRECATED_OBJC_IMPLEMENTATIONS = YES;
				CLANG_WARN_DIRECT_OBJC_ISA_USAGE = YES_ERROR;
				CLANG_WARN_DOCUMENTATION_COMMENTS = YES;
				CLANG_WARN_EMPTY_BODY = YES;
				CLANG_WARN_ENUM_CONVERSION = YES;
				CLANG_WARN_INFINITE_RECURSION = YES;
				CLANG_WARN_INT_CONVERSION = YES;
				CLANG_WARN_NON_LITERAL_NULL_CONVERSION = YES;
				CLANG_WARN_OBJC_IMPLICIT_RETAIN_SELF = YES;
				CLANG_WARN_OBJC_LITERAL_CONVERSION = YES;
				CLANG_WARN_OBJC_ROOT_CLASS = YES_ERROR;
				CLANG_WARN_QUOTED_INCLUDE_IN_FRAMEWORK_HEADER = YES;
				CLANG_WARN_RANGE_LOOP_ANALYSIS = YES;
				CLANG_WARN_STRICT_PROTOTYPES = YES;
				CLANG_WARN_SUSPICIOUS_MOVE = YES;
				CLANG_WARN_UNGUARDED_AVAILABILITY = YES_AGGRESSIVE;
				CLANG_WARN_UNREACHABLE_CODE = YES;
				CLANG_WARN__DUPLICATE_METHOD_MATCH = YES;
				COPY_PHASE_STRIP = NO;
				DEBUG_INFORMATION_FORMAT = "dwarf-with-dsym";
				ENABLE_NS_ASSERTIONS = NO;
				ENABLE_STRICT_OBJC_MSGSEND = YES;
				ENABLE_USER_SCRIPT_SANDBOXING = YES;
				GCC_C_LANGUAGE_STANDARD = gnu17;
				GCC_NO_COMMON_BLOCKS = YES;
				GCC_WARN_64_TO_32_BIT_CONVERSION = YES;
				GCC_WARN_ABOUT_RETURN_TYPE = YES_ERROR;
				GCC_WARN_UNDECLARED_SELECTOR = YES;
				GCC_WARN_UNINITIALIZED_AUTOS = YES_AGGRESSIVE;
				GCC_WARN_UNUSED_FUNCTION = YES;
				GCC_WARN_UNUSED_VARIABLE = YES;
				IPHONEOS_DEPLOYMENT_TARGET = 17.2;
				LOCALIZATION_PREFERS_STRING_CATALOGS = YES;
				MTL_ENABLE_DEBUG_INFO = NO;
				MTL_FAST_MATH = YES;
				SDKROOT = iphoneos;
				SWIFT_COMPILATION_MODE = wholemodule;
				VALIDATE_PRODUCT = YES;
			};
			name = Release;
		};
		2C9007FE2B82039900F59BBB /* Debug */ = {
			isa = XCBuildConfiguration;
			buildSettings = {
				ASSETCATALOG_COMPILER_APPICON_NAME = AppIcon;
				ASSETCATALOG_COMPILER_GLOBAL_ACCENT_COLOR_NAME = AccentColor;
				CODE_SIGN_STYLE = Automatic;
				CURRENT_PROJECT_VERSION = 1;
				DEVELOPMENT_ASSET_PATHS = "\"SPS/Preview Content\"";
				ENABLE_PREVIEWS = YES;
				GENERATE_INFOPLIST_FILE = YES;
				INFOPLIST_KEY_UIApplicationSceneManifest_Generation = YES;
				INFOPLIST_KEY_UIApplicationSupportsIndirectInputEvents = YES;
				INFOPLIST_KEY_UILaunchScreen_Generation = YES;
				INFOPLIST_KEY_UISupportedInterfaceOrientations_iPad = "UIInterfaceOrientationPortrait UIInterfaceOrientationPortraitUpsideDown UIInterfaceOrientationLandscapeLeft UIInterfaceOrientationLandscapeRight";
				INFOPLIST_KEY_UISupportedInterfaceOrientations_iPhone = "UIInterfaceOrientationPortrait UIInterfaceOrientationLandscapeLeft UIInterfaceOrientationLandscapeRight";
				LD_RUNPATH_SEARCH_PATHS = (
					"$(inherited)",
					"@executable_path/Frameworks",
				);
				MARKETING_VERSION = 1.0;
				PRODUCT_BUNDLE_IDENTIFIER = wce.SPS;
				PRODUCT_NAME = "$(TARGET_NAME)";
				SWIFT_EMIT_LOC_STRINGS = YES;
				SWIFT_VERSION = 5.0;
				TARGETED_DEVICE_FAMILY = "1,2";
			};
			name = Debug;
		};
		2C9007FF2B82039900F59BBB /* Release */ = {
			isa = XCBuildConfiguration;
			buildSettings = {
				ASSETCATALOG_COMPILER_APPICON_NAME = AppIcon;
				ASSETCATALOG_COMPILER_GLOBAL_ACCENT_COLOR_NAME = AccentColor;
				CODE_SIGN_STYLE = Automatic;
				CURRENT_PROJECT_VERSION = 1;
				DEVELOPMENT_ASSET_PATHS = "\"SPS/Preview Content\"";
				ENABLE_PREVIEWS = YES;
				GENERATE_INFOPLIST_FILE = YES;
				INFOPLIST_KEY_UIApplicationSceneManifest_Generation = YES;
				INFOPLIST_KEY_UIApplicationSupportsIndirectInputEvents = YES;
				INFOPLIST_KEY_UILaunchScreen_Generation = YES;
				INFOPLIST_KEY_UISupportedInterfaceOrientations_iPad = "UIInterfaceOrientationPortrait UIInterfaceOrientationPortraitUpsideDown UIInterfaceOrientationLandscapeLeft UIInterfaceOrientationLandscapeRight";
				INFOPLIST_KEY_UISupportedInterfaceOrientations_iPhone = "UIInterfaceOrientationPortrait UIInterfaceOrientationLandscapeLeft UIInterfaceOrientationLandscapeRight";
				LD_RUNPATH_SEARCH_PATHS = (
					"$(inherited)",
					"@executable_path/Frameworks",
				);
				MARKETING_VERSION = 1.0;
				PRODUCT_BUNDLE_IDENTIFIER = wce.SPS;
				PRODUCT_NAME = "$(TARGET_NAME)";
				SWIFT_EMIT_LOC_STRINGS = YES;
				SWIFT_VERSION = 5.0;
				TARGETED_DEVICE_FAMILY = "1,2";
			};
			name = Release;
		};
		2C9008012B82039900F59BBB /* Debug */ = {
			isa = XCBuildConfiguration;
			buildSettings = {
				ALWAYS_EMBED_SWIFT_STANDARD_LIBRARIES = YES;
				BUNDLE_LOADER = "$(TEST_HOST)";
				CODE_SIGN_STYLE = Automatic;
				CURRENT_PROJECT_VERSION = 1;
				GENERATE_INFOPLIST_FILE = YES;
				IPHONEOS_DEPLOYMENT_TARGET = 17.2;
				MARKETING_VERSION = 1.0;
				PRODUCT_BUNDLE_IDENTIFIER = wce.SPSTests;
				PRODUCT_NAME = "$(TARGET_NAME)";
				SWIFT_EMIT_LOC_STRINGS = NO;
				SWIFT_VERSION = 5.0;
				TARGETED_DEVICE_FAMILY = "1,2";
				TEST_HOST = "$(BUILT_PRODUCTS_DIR)/SPS.app/$(BUNDLE_EXECUTABLE_FOLDER_PATH)/SPS";
			};
			name = Debug;
		};
		2C9008022B82039900F59BBB /* Release */ = {
			isa = XCBuildConfiguration;
			buildSettings = {
				ALWAYS_EMBED_SWIFT_STANDARD_LIBRARIES = YES;
				BUNDLE_LOADER = "$(TEST_HOST)";
				CODE_SIGN_STYLE = Automatic;
				CURRENT_PROJECT_VERSION = 1;
				GENERATE_INFOPLIST_FILE = YES;
				IPHONEOS_DEPLOYMENT_TARGET = 17.2;
				MARKETING_VERSION = 1.0;
				PRODUCT_BUNDLE_IDENTIFIER = wce.SPSTests;
				PRODUCT_NAME = "$(TARGET_NAME)";
				SWIFT_EMIT_LOC_STRINGS = NO;
				SWIFT_VERSION = 5.0;
				TARGETED_DEVICE_FAMILY = "1,2";
				TEST_HOST = "$(BUILT_PRODUCTS_DIR)/SPS.app/$(BUNDLE_EXECUTABLE_FOLDER_PATH)/SPS";
			};
			name = Release;
		};
		2C9008042B82039900F59BBB /* Debug */ = {
			isa = XCBuildConfiguration;
			buildSettings = {
				ALWAYS_EMBED_SWIFT_STANDARD_LIBRARIES = YES;
				CODE_SIGN_STYLE = Automatic;
				CURRENT_PROJECT_VERSION = 1;
				GENERATE_INFOPLIST_FILE = YES;
				MARKETING_VERSION = 1.0;
				PRODUCT_BUNDLE_IDENTIFIER = wce.SPSUITests;
				PRODUCT_NAME = "$(TARGET_NAME)";
				SWIFT_EMIT_LOC_STRINGS = NO;
				SWIFT_VERSION = 5.0;
				TARGETED_DEVICE_FAMILY = "1,2";
				TEST_TARGET_NAME = SPS;
			};
			name = Debug;
		};
		2C9008052B82039900F59BBB /* Release */ = {
			isa = XCBuildConfiguration;
			buildSettings = {
				ALWAYS_EMBED_SWIFT_STANDARD_LIBRARIES = YES;
				CODE_SIGN_STYLE = Automatic;
				CURRENT_PROJECT_VERSION = 1;
				GENERATE_INFOPLIST_FILE = YES;
				MARKETING_VERSION = 1.0;
				PRODUCT_BUNDLE_IDENTIFIER = wce.SPSUITests;
				PRODUCT_NAME = "$(TARGET_NAME)";
				SWIFT_EMIT_LOC_STRINGS = NO;
				SWIFT_VERSION = 5.0;
				TARGETED_DEVICE_FAMILY = "1,2";
				TEST_TARGET_NAME = SPS;
			};
			name = Release;
		};
/* End XCBuildConfiguration section */

/* Begin XCConfigurationList section */
		2C9007D42B82039700F59BBB /* Build configuration list for PBXProject "SPS" */ = {
			isa = XCConfigurationList;
			buildConfigurations = (
				2C9007FB2B82039900F59BBB /* Debug */,
				2C9007FC2B82039900F59BBB /* Release */,
			);
			defaultConfigurationIsVisible = 0;
			defaultConfigurationName = Release;
		};
		2C9007FD2B82039900F59BBB /* Build configuration list for PBXNativeTarget "SPS" */ = {
			isa = XCConfigurationList;
			buildConfigurations = (
				2C9007FE2B82039900F59BBB /* Debug */,
				2C9007FF2B82039900F59BBB /* Release */,
			);
			defaultConfigurationIsVisible = 0;
			defaultConfigurationName = Release;
		};
		2C9008002B82039900F59BBB /* Build configuration list for PBXNativeTarget "SPSTests" */ = {
			isa = XCConfigurationList;
			buildConfigurations = (
				2C9008012B82039900F59BBB /* Debug */,
				2C9008022B82039900F59BBB /* Release */,
			);
			defaultConfigurationIsVisible = 0;
			defaultConfigurationName = Release;
		};
		2C9008032B82039900F59BBB /* Build configuration list for PBXNativeTarget "SPSUITests" */ = {
			isa = XCConfigurationList;
			buildConfigurations = (
				2C9008042B82039900F59BBB /* Debug */,
				2C9008052B82039900F59BBB /* Release */,
			);
			defaultConfigurationIsVisible = 0;
			defaultConfigurationName = Release;
		};
/* End XCConfigurationList section */
	};
	rootObject = 2C9007D12B82039700F59BBB /* Project object */;
}
